{
  "nodes": {
    "nixpkgs": {
      "locked": {
        "lastModified": 1729980323,
        "narHash": "sha256-eWPRZAlhf446bKSmzw6x7RWEE4IuZgAp8NW3eXZwRAY=",
        "owner": "NixOS",
        "repo": "nixpkgs",
        "rev": "86e78d3d2084ff87688da662cf78c2af085d8e73",
        "type": "github"
      },
      "original": {
        "id": "nixpkgs",
        "type": "indirect"
      }
    },
    "raylib": {
      "inputs": {
        "nixpkgs": "nixpkgs"
      },
      "locked": {
        "lastModified": 1730156322,
        "narHash": "sha256-pPYyFpZgQjq6auRzuiIJLS1tcCmoY+SlL+SNvGIjB4E=",
        "owner": "Anut-py",
        "repo": "h-raylib",
        "rev": "113a642972e4e00d9d6375b29c5dc0e1ff5e21ae",
        "type": "github"
      },
      "original": {
        "owner": "Anut-py",
        "repo": "h-raylib",
        "type": "github"
      }
    },
    "root": {
      "inputs": {
        "raylib": "raylib"
      }
    }
  },
  "root": "root",
  "version": 7
}
